PackratFormat: 1.4
PackratVersion: 0.4.8.1
RVersion: 3.3.2
Repos: CRAN=https://www.stats.bris.ac.uk/R/

Package: BH
Source: CRAN
Version: 1.60.0-2
Hash: be2967bcff307e561d9ba17faf03205c

Package: R6
Source: CRAN
Version: 2.2.2
Hash: b2366cd9d2f3851a5704b4e192b985c2

Package: Rcpp
Source: CRAN
Version: 0.12.7
Hash: f0ba7322cfb66f1b563462faa9c2b2ab

Package: assertthat
Source: CRAN
Version: 0.1
Hash: 0afb92b59b02593c70ff8046700ba9d3

Package: bindr
Source: CRAN
Version: 0.1
Hash: e3a02070cf705d3ad1c5af1635a515a3

Package: bindrcpp
Source: CRAN
Version: 0.2
Hash: aed3b57152b09d05864d8a2547bdc9f0
Requires: Rcpp, bindr, plogr

Package: dplyr
Source: CRAN
Version: 0.7.1
Hash: 625553274b27916be9573cfef9190d52
Requires: BH, R6, Rcpp, assertthat, bindrcpp, glue, magrittr,
    pkgconfig, plogr, rlang, tibble

Package: glue
Source: CRAN
Version: 1.1.1
Hash: dfd5a27768175ae51d08dc6beba1ef11

Package: magrittr
Source: CRAN
Version: 1.5
Hash: bdc4d48c3135e8f3b399536ddf160df4

Package: packrat
Source: CRAN
Version: 0.4.8-1
Hash: 6ad605ba7b4b476d84be6632393f5765

Package: pkgconfig
Source: CRAN
Version: 2.0.1
Hash: 0dda4a2654a22b36a715c2b0b6fbacac

Package: plogr
Source: CRAN
Version: 0.1-1
Hash: fb19215402e2d9f1c7f803dcaa806fc2

Package: rlang
Source: CRAN
Version: 0.1.1
Hash: 86c53487ce7f82f0a7cc11c816060910

Package: tibble
Source: CRAN
Version: 1.3.3
Hash: d0a540c958595d5223601e862471d644
Requires: Rcpp, rlang
